
Microsoft Visual Studio Solution File, Format Version 12.00
# Visual Studio Version 17
VisualStudioVersion = 17.5.33530.505
MinimumVisualStudioVersion = 10.0.40219.1
Project("{FAE04EC0-301F-11D3-BF4B-00C04F79EFBC}") = "Sort Algorithms", "Sort Algorithms\Sort Algorithms.csproj", "{19FC1E1D-3CA4-4C05-B298-7D7814EAA4F0}"
EndProject
Project("{FAE04EC0-301F-11D3-BF4B-00C04F79EFBC}") = "Testing Sort Algorithms", "Testing Sort Algorithms\Testing Sort Algorithms.csproj", "{895EF0A2-51B1-40A0-A40E-DA760D6BB237}"
EndProject
Global
	GlobalSection(SolutionConfigurationPlatforms) = preSolution
		Debug|Any CPU = Debug|Any CPU
		Release|Any CPU = Release|Any CPU
	EndGlobalSection
	GlobalSection(ProjectConfigurationPlatforms) = postSolution
		{19FC1E1D-3CA4-4C05-B298-7D7814EAA4F0}.Debug|Any CPU.ActiveCfg = Debug|Any CPU
		{19FC1E1D-3CA4-4C05-B298-7D7814EAA4F0}.Debug|Any CPU.Build.0 = Debug|Any CPU
		{19FC1E1D-3CA4-4C05-B298-7D7814EAA4F0}.Release|Any CPU.ActiveCfg = Release|Any CPU
		{19FC1E1D-3CA4-4C05-B298-7D7814EAA4F0}.Release|Any CPU.Build.0 = Release|Any CPU
		{895EF0A2-51B1-40A0-A40E-DA760D6BB237}.Debug|Any CPU.ActiveCfg = Debug|Any CPU
		{895EF0A2-51B1-40A0-A40E-DA760D6BB237}.Debug|Any CPU.Build.0 = Debug|Any CPU
		{895EF0A2-51B1-40A0-A40E-DA760D6BB237}.Release|Any CPU.ActiveCfg = Release|Any CPU
		{895EF0A2-51B1-40A0-A40E-DA760D6BB237}.Release|Any CPU.Build.0 = Release|Any CPU
	EndGlobalSection
	GlobalSection(SolutionProperties) = preSolution
		HideSolutionNode = FALSE
	EndGlobalSection
	GlobalSection(ExtensibilityGlobals) = postSolution
		SolutionGuid = {AF489EC4-DC33-425C-AC28-C7F09C910AB6}
	EndGlobalSection
EndGlobal
